
Microsoft Visual Studio Solution File, Format Version 12.00
# Visual Studio Version 17
VisualStudioVersion = 17.5.33424.131
MinimumVisualStudioVersion = 10.0.40219.1
Project("{FAE04EC0-301F-11D3-BF4B-00C04F79EFBC}") = "Editor", "Editor\Editor.csproj", "{A9C0CB47-8CB6-4F7E-93AA-AF9AD9F781AE}"
EndProject
Project("{9A19103F-16F7-4668-BE54-9A1E7A4F7556}") = "RailgunGame", "RailgunGame\RailgunGame.csproj", "{87B653CE-F06E-430A-9972-639F4025A37F}"
EndProject
Global
	GlobalSection(SolutionConfigurationPlatforms) = preSolution
		Debug|Any CPU = Debug|Any CPU
		Release|Any CPU = Release|Any CPU
	EndGlobalSection
	GlobalSection(ProjectConfigurationPlatforms) = postSolution
		{A9C0CB47-8CB6-4F7E-93AA-AF9AD9F781AE}.Debug|Any CPU.ActiveCfg = Debug|Any CPU
		{A9C0CB47-8CB6-4F7E-93AA-AF9AD9F781AE}.Debug|Any CPU.Build.0 = Debug|Any CPU
		{A9C0CB47-8CB6-4F7E-93AA-AF9AD9F781AE}.Release|Any CPU.ActiveCfg = Release|Any CPU
		{A9C0CB47-8CB6-4F7E-93AA-AF9AD9F781AE}.Release|Any CPU.Build.0 = Release|Any CPU
		{87B653CE-F06E-430A-9972-639F4025A37F}.Debug|Any CPU.ActiveCfg = Debug|Any CPU
		{87B653CE-F06E-430A-9972-639F4025A37F}.Debug|Any CPU.Build.0 = Debug|Any CPU
		{87B653CE-F06E-430A-9972-639F4025A37F}.Release|Any CPU.ActiveCfg = Release|Any CPU
		{87B653CE-F06E-430A-9972-639F4025A37F}.Release|Any CPU.Build.0 = Release|Any CPU
	EndGlobalSection
	GlobalSection(SolutionProperties) = preSolution
		HideSolutionNode = FALSE
	EndGlobalSection
	GlobalSection(ExtensibilityGlobals) = postSolution
		SolutionGuid = {2ECA22DD-64CF-490E-8CAD-5FDBAEF277D8}
	EndGlobalSection
EndGlobal
